
Microsoft Visual Studio Solution File, Format Version 12.00
# Visual Studio Version 16
VisualStudioVersion = 16.0.29519.87
MinimumVisualStudioVersion = 10.0.40219.1
Project("{9A19103F-16F7-4668-BE54-9A1E7A4F7556}") = "ITHS-DB-Lab3-Web", "ITHS-DB-Lab3-Web\ITHS-DB-Lab3-Web.csproj", "{A83BF218-F6DC-4761-88F9-59AE22CF014C}"
EndProject
Project("{9A19103F-16F7-4668-BE54-9A1E7A4F7556}") = "ITHS-DB-Lab3-ConsoleApp", "ITHS-DB-Lab3-ConsoleApp\ITHS-DB-Lab3-ConsoleApp.csproj", "{3CD25CAB-C299-41D3-8C25-CD7A40419679}"
EndProject
Project("{00D1A9C2-B5F0-4AF3-8072-F6C62B433612}") = "ITHS-DB-Lab3-Database", "ITHS-DB-Lab3-Database\ITHS-DB-Lab3-Database.sqlproj", "{0AE36254-5346-4CB9-9299-5C9D232F75A4}"
EndProject
Global
	GlobalSection(SolutionConfigurationPlatforms) = preSolution
		Debug|Any CPU = Debug|Any CPU
		Release|Any CPU = Release|Any CPU
	EndGlobalSection
	GlobalSection(ProjectConfigurationPlatforms) = postSolution
		{A83BF218-F6DC-4761-88F9-59AE22CF014C}.Debug|Any CPU.ActiveCfg = Debug|Any CPU
		{A83BF218-F6DC-4761-88F9-59AE22CF014C}.Debug|Any CPU.Build.0 = Debug|Any CPU
		{A83BF218-F6DC-4761-88F9-59AE22CF014C}.Release|Any CPU.ActiveCfg = Release|Any CPU
		{A83BF218-F6DC-4761-88F9-59AE22CF014C}.Release|Any CPU.Build.0 = Release|Any CPU
		{3CD25CAB-C299-41D3-8C25-CD7A40419679}.Debug|Any CPU.ActiveCfg = Debug|Any CPU
		{3CD25CAB-C299-41D3-8C25-CD7A40419679}.Debug|Any CPU.Build.0 = Debug|Any CPU
		{3CD25CAB-C299-41D3-8C25-CD7A40419679}.Release|Any CPU.ActiveCfg = Release|Any CPU
		{3CD25CAB-C299-41D3-8C25-CD7A40419679}.Release|Any CPU.Build.0 = Release|Any CPU
		{0AE36254-5346-4CB9-9299-5C9D232F75A4}.Debug|Any CPU.ActiveCfg = Debug|Any CPU
		{0AE36254-5346-4CB9-9299-5C9D232F75A4}.Debug|Any CPU.Build.0 = Debug|Any CPU
		{0AE36254-5346-4CB9-9299-5C9D232F75A4}.Debug|Any CPU.Deploy.0 = Debug|Any CPU
		{0AE36254-5346-4CB9-9299-5C9D232F75A4}.Release|Any CPU.ActiveCfg = Release|Any CPU
		{0AE36254-5346-4CB9-9299-5C9D232F75A4}.Release|Any CPU.Build.0 = Release|Any CPU
		{0AE36254-5346-4CB9-9299-5C9D232F75A4}.Release|Any CPU.Deploy.0 = Release|Any CPU
	EndGlobalSection
	GlobalSection(SolutionProperties) = preSolution
		HideSolutionNode = FALSE
	EndGlobalSection
	GlobalSection(ExtensibilityGlobals) = postSolution
		SolutionGuid = {918C56FA-A2DD-4D33-8463-95527441E8B2}
	EndGlobalSection
EndGlobal
